// !$*UTF8*$!
{
	archiveVersion = 1;
	classes = {
	};
	objectVersion = 50;
	objects = {

/* Begin PBXBuildFile section */
		7726A6E0275B41DC00CA1E68 /* Colors.xcassets in Resources */ = {isa = PBXBuildFile; fileRef = 7726A6DF275B41DC00CA1E68 /* Colors.xcassets */; };
		7726A6E2275B420A00CA1E68 /* AuthServices.swift in Sources */ = {isa = PBXBuildFile; fileRef = 7726A6E1275B420A00CA1E68 /* AuthServices.swift */; };
		7740CAC42739036400D51612 /* AppDelegate.swift in Sources */ = {isa = PBXBuildFile; fileRef = 7740CAC32739036400D51612 /* AppDelegate.swift */; };
		7740CAC62739036400D51612 /* SceneDelegate.swift in Sources */ = {isa = PBXBuildFile; fileRef = 7740CAC52739036400D51612 /* SceneDelegate.swift */; };
		7740CAC82739036400D51612 /* ViewController.swift in Sources */ = {isa = PBXBuildFile; fileRef = 7740CAC72739036400D51612 /* ViewController.swift */; };
		7740CACB2739036400D51612 /* Main.storyboard in Resources */ = {isa = PBXBuildFile; fileRef = 7740CAC92739036400D51612 /* Main.storyboard */; };
		7740CACD2739036700D51612 /* Assets.xcassets in Resources */ = {isa = PBXBuildFile; fileRef = 7740CACC2739036700D51612 /* Assets.xcassets */; };
		7740CAD02739036700D51612 /* LaunchScreen.storyboard in Resources */ = {isa = PBXBuildFile; fileRef = 7740CACE2739036700D51612 /* LaunchScreen.storyboard */; };
		7750F732274B7A250082C6FB /* ExampleViewController.swift in Sources */ = {isa = PBXBuildFile; fileRef = 7750F731274B7A250082C6FB /* ExampleViewController.swift */; };
		7750F734274B7A310082C6FB /* AddViewController.swift in Sources */ = {isa = PBXBuildFile; fileRef = 7750F733274B7A310082C6FB /* AddViewController.swift */; };
		7750F736274B7B0D0082C6FB /* ExampleProtocol.swift in Sources */ = {isa = PBXBuildFile; fileRef = 7750F735274B7B0D0082C6FB /* ExampleProtocol.swift */; };
		77A45268273F9FDC00F10FB1 /* DetailsViewController.swift in Sources */ = {isa = PBXBuildFile; fileRef = 77A45267273F9FDC00F10FB1 /* DetailsViewController.swift */; };
		77D6E5F627521323006DDA2E /* PickerExampleViewController.swift in Sources */ = {isa = PBXBuildFile; fileRef = 77D6E5F527521323006DDA2E /* PickerExampleViewController.swift */; };
		77D915A72760878500F001F1 /* ResponseModel.swift in Sources */ = {isa = PBXBuildFile; fileRef = 77D915A62760878500F001F1 /* ResponseModel.swift */; };
/* End PBXBuildFile section */

/* Begin PBXFileReference section */
		7726A6DF275B41DC00CA1E68 /* Colors.xcassets */ = {isa = PBXFileReference; lastKnownFileType = folder.assetcatalog; path = Colors.xcassets; sourceTree = "<group>"; };
		7726A6E1275B420A00CA1E68 /* AuthServices.swift */ = {isa = PBXFileReference; lastKnownFileType = sourcecode.swift; path = AuthServices.swift; sourceTree = "<group>"; };
		7740CAC02739036400D51612 /* ContinueWorking2.app */ = {isa = PBXFileReference; explicitFileType = wrapper.application; includeInIndex = 0; path = ContinueWorking2.app; sourceTree = BUILT_PRODUCTS_DIR; };
		7740CAC32739036400D51612 /* AppDelegate.swift */ = {isa = PBXFileReference; lastKnownFileType = sourcecode.swift; path = AppDelegate.swift; sourceTree = "<group>"; };
		7740CAC52739036400D51612 /* SceneDelegate.swift */ = {isa = PBXFileReference; lastKnownFileType = sourcecode.swift; path = SceneDelegate.swift; sourceTree = "<group>"; };
		7740CAC72739036400D51612 /* ViewController.swift */ = {isa = PBXFileReference; lastKnownFileType = sourcecode.swift; path = ViewController.swift; sourceTree = "<group>"; };
		7740CACA2739036400D51612 /* Base */ = {isa = PBXFileReference; lastKnownFileType = file.storyboard; name = Base; path = Base.lproj/Main.storyboard; sourceTree = "<group>"; };
		7740CACC2739036700D51612 /* Assets.xcassets */ = {isa = PBXFileReference; lastKnownFileType = folder.assetcatalog; path = Assets.xcassets; sourceTree = "<group>"; };
		7740CACF2739036700D51612 /* Base */ = {isa = PBXFileReference; lastKnownFileType = file.storyboard; name = Base; path = Base.lproj/LaunchScreen.storyboard; sourceTree = "<group>"; };
		7740CAD12739036700D51612 /* Info.plist */ = {isa = PBXFileReference; lastKnownFileType = text.plist.xml; path = Info.plist; sourceTree = "<group>"; };
		7750F731274B7A250082C6FB /* ExampleViewController.swift */ = {isa = PBXFileReference; lastKnownFileType = sourcecode.swift; path = ExampleViewController.swift; sourceTree = "<group>"; };
		7750F733274B7A310082C6FB /* AddViewController.swift */ = {isa = PBXFileReference; lastKnownFileType = sourcecode.swift; path = AddViewController.swift; sourceTree = "<group>"; };
		7750F735274B7B0D0082C6FB /* ExampleProtocol.swift */ = {isa = PBXFileReference; lastKnownFileType = sourcecode.swift; path = ExampleProtocol.swift; sourceTree = "<group>"; };
		77A45267273F9FDC00F10FB1 /* DetailsViewController.swift */ = {isa = PBXFileReference; lastKnownFileType = sourcecode.swift; path = DetailsViewController.swift; sourceTree = "<group>"; };
		77D6E5F527521323006DDA2E /* PickerExampleViewController.swift */ = {isa = PBXFileReference; lastKnownFileType = sourcecode.swift; path = PickerExampleViewController.swift; sourceTree = "<group>"; };
		77D915A62760878500F001F1 /* ResponseModel.swift */ = {isa = PBXFileReference; lastKnownFileType = sourcecode.swift; path = ResponseModel.swift; sourceTree = "<group>"; };
/* End PBXFileReference section */

/* Begin PBXFrameworksBuildPhase section */
		7740CABD2739036400D51612 /* Frameworks */ = {
			isa = PBXFrameworksBuildPhase;
			buildActionMask = 2147483647;
			files = (
			);
			runOnlyForDeploymentPostprocessing = 0;
		};
/* End PBXFrameworksBuildPhase section */

/* Begin PBXGroup section */
		7726A6D9275B415300CA1E68 /* Views */ = {
			isa = PBXGroup;
			children = (
				7740CAC92739036400D51612 /* Main.storyboard */,
				7740CACE2739036700D51612 /* LaunchScreen.storyboard */,
			);
			path = Views;
			sourceTree = "<group>";
		};
		7726A6DA275B415A00CA1E68 /* Models */ = {
			isa = PBXGroup;
			children = (
				77D915A62760878500F001F1 /* ResponseModel.swift */,
			);
			path = Models;
			sourceTree = "<group>";
		};
		7726A6DB275B416000CA1E68 /* ViewControllers */ = {
			isa = PBXGroup;
			children = (
				77D6E5F427521315006DDA2E /* Pickers */,
				7750F730274B7A130082C6FB /* Example 2 */,
				7740CAC72739036400D51612 /* ViewController.swift */,
				77A45267273F9FDC00F10FB1 /* DetailsViewController.swift */,
			);
			path = ViewControllers;
			sourceTree = "<group>";
		};
		7726A6DC275B416B00CA1E68 /* Services */ = {
			isa = PBXGroup;
			children = (
				7726A6E1275B420A00CA1E68 /* AuthServices.swift */,
			);
			path = Services;
			sourceTree = "<group>";
		};
		7726A6DD275B417700CA1E68 /* Helpers */ = {
			isa = PBXGroup;
			children = (
			);
			path = Helpers;
			sourceTree = "<group>";
		};
		7726A6DE275B41B500CA1E68 /* Resources */ = {
			isa = PBXGroup;
			children = (
				7740CACC2739036700D51612 /* Assets.xcassets */,
				7726A6DF275B41DC00CA1E68 /* Colors.xcassets */,
			);
			path = Resources;
			sourceTree = "<group>";
		};
		7740CAB72739036400D51612 = {
			isa = PBXGroup;
			children = (
				7740CAC22739036400D51612 /* ContinueWorking2 */,
				7740CAC12739036400D51612 /* Products */,
			);
			sourceTree = "<group>";
		};
		7740CAC12739036400D51612 /* Products */ = {
			isa = PBXGroup;
			children = (
				7740CAC02739036400D51612 /* ContinueWorking2.app */,
			);
			name = Products;
			sourceTree = "<group>";
		};
		7740CAC22739036400D51612 /* ContinueWorking2 */ = {
			isa = PBXGroup;
			children = (
				7726A6DD275B417700CA1E68 /* Helpers */,
				7726A6DC275B416B00CA1E68 /* Services */,
				7726A6DB275B416000CA1E68 /* ViewControllers */,
				7726A6DA275B415A00CA1E68 /* Models */,
				7726A6D9275B415300CA1E68 /* Views */,
				7726A6DE275B41B500CA1E68 /* Resources */,
				7740CAC32739036400D51612 /* AppDelegate.swift */,
				7740CAC52739036400D51612 /* SceneDelegate.swift */,
				7740CAD12739036700D51612 /* Info.plist */,
			);
			path = ContinueWorking2;
			sourceTree = "<group>";
		};
		7750F730274B7A130082C6FB /* Example 2 */ = {
			isa = PBXGroup;
			children = (
				7750F731274B7A250082C6FB /* ExampleViewController.swift */,
				7750F733274B7A310082C6FB /* AddViewController.swift */,
				7750F735274B7B0D0082C6FB /* ExampleProtocol.swift */,
			);
			path = "Example 2";
			sourceTree = "<group>";
		};
		77D6E5F427521315006DDA2E /* Pickers */ = {
			isa = PBXGroup;
			children = (
				77D6E5F527521323006DDA2E /* PickerExampleViewController.swift */,
			);
			path = Pickers;
			sourceTree = "<group>";
		};
/* End PBXGroup section */

/* Begin PBXNativeTarget section */
		7740CABF2739036400D51612 /* ContinueWorking2 */ = {
			isa = PBXNativeTarget;
			buildConfigurationList = 7740CAD42739036700D51612 /* Build configuration list for PBXNativeTarget "ContinueWorking2" */;
			buildPhases = (
				7740CABC2739036400D51612 /* Sources */,
				7740CABD2739036400D51612 /* Frameworks */,
				7740CABE2739036400D51612 /* Resources */,
			);
			buildRules = (
			);
			dependencies = (
			);
			name = ContinueWorking2;
			productName = ContinueWorking2;
			productReference = 7740CAC02739036400D51612 /* ContinueWorking2.app */;
			productType = "com.apple.product-type.application";
		};
/* End PBXNativeTarget section */

/* Begin PBXProject section */
		7740CAB82739036400D51612 /* Project object */ = {
			isa = PBXProject;
			attributes = {
				LastSwiftUpdateCheck = 1250;
				LastUpgradeCheck = 1250;
				TargetAttributes = {
					7740CABF2739036400D51612 = {
						CreatedOnToolsVersion = 12.5;
					};
				};
			};
			buildConfigurationList = 7740CABB2739036400D51612 /* Build configuration list for PBXProject "ContinueWorking2" */;
			compatibilityVersion = "Xcode 9.3";
			developmentRegion = en;
			hasScannedForEncodings = 0;
			knownRegions = (
				en,
				Base,
			);
			mainGroup = 7740CAB72739036400D51612;
			productRefGroup = 7740CAC12739036400D51612 /* Products */;
			projectDirPath = "";
			projectRoot = "";
			targets = (
				7740CABF2739036400D51612 /* ContinueWorking2 */,
			);
		};
/* End PBXProject section */

/* Begin PBXResourcesBuildPhase section */
		7740CABE2739036400D51612 /* Resources */ = {
			isa = PBXResourcesBuildPhase;
			buildActionMask = 2147483647;
			files = (
				7740CAD02739036700D51612 /* LaunchScreen.storyboard in Resources */,
				7726A6E0275B41DC00CA1E68 /* Colors.xcassets in Resources */,
				7740CACD2739036700D51612 /* Assets.xcassets in Resources */,
				7740CACB2739036400D51612 /* Main.storyboard in Resources */,
			);
			runOnlyForDeploymentPostprocessing = 0;
		};
/* End PBXResourcesBuildPhase section */

/* Begin PBXSourcesBuildPhase section */
		7740CABC2739036400D51612 /* Sources */ = {
			isa = PBXSourcesBuildPhase;
			buildActionMask = 2147483647;
			files = (
				7750F736274B7B0D0082C6FB /* ExampleProtocol.swift in Sources */,
				7740CAC82739036400D51612 /* ViewController.swift in Sources */,
				7740CAC42739036400D51612 /* AppDelegate.swift in Sources */,
				7750F734274B7A310082C6FB /* AddViewController.swift in Sources */,
				7740CAC62739036400D51612 /* SceneDelegate.swift in Sources */,
				77A45268273F9FDC00F10FB1 /* DetailsViewController.swift in Sources */,
				7726A6E2275B420A00CA1E68 /* AuthServices.swift in Sources */,
				7750F732274B7A250082C6FB /* ExampleViewController.swift in Sources */,
				77D915A72760878500F001F1 /* ResponseModel.swift in Sources */,
				77D6E5F627521323006DDA2E /* PickerExampleViewController.swift in Sources */,
			);
			runOnlyForDeploymentPostprocessing = 0;
		};
/* End PBXSourcesBuildPhase section */

/* Begin PBXVariantGroup section */
		7740CAC92739036400D51612 /* Main.storyboard */ = {
			isa = PBXVariantGroup;
			children = (
				7740CACA2739036400D51612 /* Base */,
			);
			name = Main.storyboard;
			sourceTree = "<group>";
		};
		7740CACE2739036700D51612 /* LaunchScreen.storyboard */ = {
			isa = PBXVariantGroup;
			children = (
				7740CACF2739036700D51612 /* Base */,
			);
			name = LaunchScreen.storyboard;
			sourceTree = "<group>";
		};
/* End PBXVariantGroup section */

/* Begin XCBuildConfiguration section */
		7740CAD22739036700D51612 /* Debug */ = {
			isa = XCBuildConfiguration;
			buildSettings = {
				ALWAYS_SEARCH_USER_PATHS = NO;
				CLANG_ANALYZER_NONNULL = YES;
				CLANG_ANALYZER_NUMBER_OBJECT_CONVERSION = YES_AGGRESSIVE;
				CLANG_CXX_LANGUAGE_STANDARD = "gnu++14";
				CLANG_CXX_LIBRARY = "libc++";
				CLANG_ENABLE_MODULES = YES;
				CLANG_ENABLE_OBJC_ARC = YES;
				CLANG_ENABLE_OBJC_WEAK = YES;
				CLANG_WARN_BLOCK_CAPTURE_AUTORELEASING = YES;
				CLANG_WARN_BOOL_CONVERSION = YES;
				CLANG_WARN_COMMA = YES;
				CLANG_WARN_CONSTANT_CONVERSION = YES;
				CLANG_WARN_DEPRECATED_OBJC_IMPLEMENTATIONS = YES;
				CLANG_WARN_DIRECT_OBJC_ISA_USAGE = YES_ERROR;
				CLANG_WARN_DOCUMENTATION_COMMENTS = YES;
				CLANG_WARN_EMPTY_BODY = YES;
				CLANG_WARN_ENUM_CONVERSION = YES;
				CLANG_WARN_INFINITE_RECURSION = YES;
				CLANG_WARN_INT_CONVERSION = YES;
				CLANG_WARN_NON_LITERAL_NULL_CONVERSION = YES;
				CLANG_WARN_OBJC_IMPLICIT_RETAIN_SELF = YES;
				CLANG_WARN_OBJC_LITERAL_CONVERSION = YES;
				CLANG_WARN_OBJC_ROOT_CLASS = YES_ERROR;
				CLANG_WARN_QUOTED_INCLUDE_IN_FRAMEWORK_HEADER = YES;
				CLANG_WARN_RANGE_LOOP_ANALYSIS = YES;
				CLANG_WARN_STRICT_PROTOTYPES = YES;
				CLANG_WARN_SUSPICIOUS_MOVE = YES;
				CLANG_WARN_UNGUARDED_AVAILABILITY = YES_AGGRESSIVE;
				CLANG_WARN_UNREACHABLE_CODE = YES;
				CLANG_WARN__DUPLICATE_METHOD_MATCH = YES;
				COPY_PHASE_STRIP = NO;
				DEBUG_INFORMATION_FORMAT = dwarf;
				ENABLE_STRICT_OBJC_MSGSEND = YES;
				ENABLE_TESTABILITY = YES;
				GCC_C_LANGUAGE_STANDARD = gnu11;
				GCC_DYNAMIC_NO_PIC = NO;
				GCC_NO_COMMON_BLOCKS = YES;
				GCC_OPTIMIZATION_LEVEL = 0;
				GCC_PREPROCESSOR_DEFINITIONS = (
					"DEBUG=1",
					"$(inherited)",
				);
				GCC_WARN_64_TO_32_BIT_CONVERSION = YES;
				GCC_WARN_ABOUT_RETURN_TYPE = YES_ERROR;
				GCC_WARN_UNDECLARED_SELECTOR = YES;
				GCC_WARN_UNINITIALIZED_AUTOS = YES_AGGRESSIVE;
				GCC_WARN_UNUSED_FUNCTION = YES;
				GCC_WARN_UNUSED_VARIABLE = YES;
				IPHONEOS_DEPLOYMENT_TARGET = 14.5;
				MTL_ENABLE_DEBUG_INFO = INCLUDE_SOURCE;
				MTL_FAST_MATH = YES;
				ONLY_ACTIVE_ARCH = YES;
				SDKROOT = iphoneos;
				SWIFT_ACTIVE_COMPILATION_CONDITIONS = DEBUG;
				SWIFT_OPTIMIZATION_LEVEL = "-Onone";
			};
			name = Debug;
		};
		7740CAD32739036700D51612 /* Release */ = {
			isa = XCBuildConfiguration;
			buildSettings = {
				ALWAYS_SEARCH_USER_PATHS = NO;
				CLANG_ANALYZER_NONNULL = YES;
				CLANG_ANALYZER_NUMBER_OBJECT_CONVERSION = YES_AGGRESSIVE;
				CLANG_CXX_LANGUAGE_STANDARD = "gnu++14";
				CLANG_CXX_LIBRARY = "libc++";
				CLANG_ENABLE_MODULES = YES;
				CLANG_ENABLE_OBJC_ARC = YES;
				CLANG_ENABLE_OBJC_WEAK = YES;
				CLANG_WARN_BLOCK_CAPTURE_AUTORELEASING = YES;
				CLANG_WARN_BOOL_CONVERSION = YES;
				CLANG_WARN_COMMA = YES;
				CLANG_WARN_CONSTANT_CONVERSION = YES;
				CLANG_WARN_DEPRECATED_OBJC_IMPLEMENTATIONS = YES;
				CLANG_WARN_DIRECT_OBJC_ISA_USAGE = YES_ERROR;
				CLANG_WARN_DOCUMENTATION_COMMENTS = YES;
				CLANG_WARN_EMPTY_BODY = YES;
				CLANG_WARN_ENUM_CONVERSION = YES;
				CLANG_WARN_INFINITE_RECURSION = YES;
				CLANG_WARN_INT_CONVERSION = YES;
				CLANG_WARN_NON_LITERAL_NULL_CONVERSION = YES;
				CLANG_WARN_OBJC_IMPLICIT_RETAIN_SELF = YES;
				CLANG_WARN_OBJC_LITERAL_CONVERSION = YES;
				CLANG_WARN_OBJC_ROOT_CLASS = YES_ERROR;
				CLANG_WARN_QUOTED_INCLUDE_IN_FRAMEWORK_HEADER = YES;
				CLANG_WARN_RANGE_LOOP_ANALYSIS = YES;
				CLANG_WARN_STRICT_PROTOTYPES = YES;
				CLANG_WARN_SUSPICIOUS_MOVE = YES;
				CLANG_WARN_UNGUARDED_AVAILABILITY = YES_AGGRESSIVE;
				CLANG_WARN_UNREACHABLE_CODE = YES;
				CLANG_WARN__DUPLICATE_METHOD_MATCH = YES;
				COPY_PHASE_STRIP = NO;
				DEBUG_INFORMATION_FORMAT = "dwarf-with-dsym";
				ENABLE_NS_ASSERTIONS = NO;
				ENABLE_STRICT_OBJC_MSGSEND = YES;
				GCC_C_LANGUAGE_STANDARD = gnu11;
				GCC_NO_COMMON_BLOCKS = YES;
				GCC_WARN_64_TO_32_BIT_CONVERSION = YES;
				GCC_WARN_ABOUT_RETURN_TYPE = YES_ERROR;
				GCC_WARN_UNDECLARED_SELECTOR = YES;
				GCC_WARN_UNINITIALIZED_AUTOS = YES_AGGRESSIVE;
				GCC_WARN_UNUSED_FUNCTION = YES;
				GCC_WARN_UNUSED_VARIABLE = YES;
				IPHONEOS_DEPLOYMENT_TARGET = 14.5;
				MTL_ENABLE_DEBUG_INFO = NO;
				MTL_FAST_MATH = YES;
				SDKROOT = iphoneos;
				SWIFT_COMPILATION_MODE = wholemodule;
				SWIFT_OPTIMIZATION_LEVEL = "-O";
				VALIDATE_PRODUCT = YES;
			};
			name = Release;
		};
		7740CAD52739036700D51612 /* Debug */ = {
			isa = XCBuildConfiguration;
			buildSettings = {
				ASSETCATALOG_COMPILER_APPICON_NAME = AppIcon;
				ASSETCATALOG_COMPILER_GLOBAL_ACCENT_COLOR_NAME = AccentColor;
				CODE_SIGN_STYLE = Automatic;
				DEVELOPMENT_TEAM = E8G2KPMF2N;
				INFOPLIST_FILE = ContinueWorking2/Info.plist;
				LD_RUNPATH_SEARCH_PATHS = (
					"$(inherited)",
					"@executable_path/Frameworks",
				);
				PRODUCT_BUNDLE_IDENTIFIER = com.aaqsoftwate.ContinueWorking2;
				PRODUCT_NAME = "$(TARGET_NAME)";
				SWIFT_VERSION = 5.0;
				TARGETED_DEVICE_FAMILY = "1,2";
			};
			name = Debug;
		};
		7740CAD62739036700D51612 /* Release */ = {
			isa = XCBuildConfiguration;
			buildSettings = {
				ASSETCATALOG_COMPILER_APPICON_NAME = AppIcon;
				ASSETCATALOG_COMPILER_GLOBAL_ACCENT_COLOR_NAME = AccentColor;
				CODE_SIGN_STYLE = Automatic;
				DEVELOPMENT_TEAM = E8G2KPMF2N;
				INFOPLIST_FILE = ContinueWorking2/Info.plist;
				LD_RUNPATH_SEARCH_PATHS = (
					"$(inherited)",
					"@executable_path/Frameworks",
				);
				PRODUCT_BUNDLE_IDENTIFIER = com.aaqsoftwate.ContinueWorking2;
				PRODUCT_NAME = "$(TARGET_NAME)";
				SWIFT_VERSION = 5.0;
				TARGETED_DEVICE_FAMILY = "1,2";
			};
			name = Release;
		};
/* End XCBuildConfiguration section */

/* Begin XCConfigurationList section */
		7740CABB2739036400D51612 /* Build configuration list for PBXProject "ContinueWorking2" */ = {
			isa = XCConfigurationList;
			buildConfigurations = (
				7740CAD22739036700D51612 /* Debug */,
				7740CAD32739036700D51612 /* Release */,
			);
			defaultConfigurationIsVisible = 0;
			defaultConfigurationName = Release;
		};
		7740CAD42739036700D51612 /* Build configuration list for PBXNativeTarget "ContinueWorking2" */ = {
			isa = XCConfigurationList;
			buildConfigurations = (
				7740CAD52739036700D51612 /* Debug */,
				7740CAD62739036700D51612 /* Release */,
			);
			defaultConfigurationIsVisible = 0;
			defaultConfigurationName = Release;
		};
/* End XCConfigurationList section */
	};
	rootObject = 7740CAB82739036400D51612 /* Project object */;
}
